// !$*UTF8*$!
{
	archiveVersion = 1;
	classes = {
	};
	objectVersion = 46;
	objects = {

/* Begin PBXBuildFile section */
		409A7061198A84ED00B8F1F2 /* Foundation.framework in Frameworks */ = {isa = PBXBuildFile; fileRef = 409A7060198A84ED00B8F1F2 /* Foundation.framework */; };
		409A7063198A84ED00B8F1F2 /* CoreGraphics.framework in Frameworks */ = {isa = PBXBuildFile; fileRef = 409A7062198A84ED00B8F1F2 /* CoreGraphics.framework */; };
		409A7065198A84ED00B8F1F2 /* UIKit.framework in Frameworks */ = {isa = PBXBuildFile; fileRef = 409A7064198A84ED00B8F1F2 /* UIKit.framework */; };
		409A706B198A84ED00B8F1F2 /* InfoPlist.strings in Resources */ = {isa = PBXBuildFile; fileRef = 409A7069198A84ED00B8F1F2 /* InfoPlist.strings */; };
		409A706D198A84ED00B8F1F2 /* main.m in Sources */ = {isa = PBXBuildFile; fileRef = 409A706C198A84ED00B8F1F2 /* main.m */; };
		409A7071198A84ED00B8F1F2 /* AppDelegate.m in Sources */ = {isa = PBXBuildFile; fileRef = 409A7070198A84ED00B8F1F2 /* AppDelegate.m */; };
		409A7073198A84ED00B8F1F2 /* Images.xcassets in Resources */ = {isa = PBXBuildFile; fileRef = 409A7072198A84ED00B8F1F2 /* Images.xcassets */; };
		409A707A198A84ED00B8F1F2 /* XCTest.framework in Frameworks */ = {isa = PBXBuildFile; fileRef = 409A7079198A84ED00B8F1F2 /* XCTest.framework */; };
		409A707B198A84ED00B8F1F2 /* Foundation.framework in Frameworks */ = {isa = PBXBuildFile; fileRef = 409A7060198A84ED00B8F1F2 /* Foundation.framework */; };
		409A707C198A84ED00B8F1F2 /* UIKit.framework in Frameworks */ = {isa = PBXBuildFile; fileRef = 409A7064198A84ED00B8F1F2 /* UIKit.framework */; };
		409A7084198A84ED00B8F1F2 /* InfoPlist.strings in Resources */ = {isa = PBXBuildFile; fileRef = 409A7082198A84ED00B8F1F2 /* InfoPlist.strings */; };
		409A7086198A84ED00B8F1F2 /* OGL2TestTests.m in Sources */ = {isa = PBXBuildFile; fileRef = 409A7085198A84ED00B8F1F2 /* OGL2TestTests.m */; };
		409A7090198A85B800B8F1F2 /* hello_triangle.c in Sources */ = {isa = PBXBuildFile; fileRef = 409A708F198A85B800B8F1F2 /* hello_triangle.c */; };
		409A7092198A861300B8F1F2 /* esUtil.c in Sources */ = {isa = PBXBuildFile; fileRef = 409A7091198A861300B8F1F2 /* esUtil.c */; };
		409A7098198AC15500B8F1F2 /* OpenGLES.framework in Frameworks */ = {isa = PBXBuildFile; fileRef = 409A7097198AC15500B8F1F2 /* OpenGLES.framework */; };
		409A709B198AC2C400B8F1F2 /* EAGLView.m in Sources */ = {isa = PBXBuildFile; fileRef = 409A709A198AC2C400B8F1F2 /* EAGLView.m */; };
		409A709E198AC9BF00B8F1F2 /* TestViewController.m in Sources */ = {isa = PBXBuildFile; fileRef = 409A709D198AC9BF00B8F1F2 /* TestViewController.m */; };
/* End PBXBuildFile section */

/* Begin PBXContainerItemProxy section */
		409A707D198A84ED00B8F1F2 /* PBXContainerItemProxy */ = {
			isa = PBXContainerItemProxy;
			containerPortal = 409A7055198A84ED00B8F1F2 /* Project object */;
			proxyType = 1;
			remoteGlobalIDString = 409A705C198A84ED00B8F1F2;
			remoteInfo = OGL2Test;
		};
/* End PBXContainerItemProxy section */

/* Begin PBXFileReference section */
		409A705D198A84ED00B8F1F2 /* OGL2Test.app */ = {isa = PBXFileReference; explicitFileType = wrapper.application; includeInIndex = 0; path = OGL2Test.app; sourceTree = BUILT_PRODUCTS_DIR; };
		409A7060198A84ED00B8F1F2 /* Foundation.framework */ = {isa = PBXFileReference; lastKnownFileType = wrapper.framework; name = Foundation.framework; path = System/Library/Frameworks/Foundation.framework; sourceTree = SDKROOT; };
		409A7062198A84ED00B8F1F2 /* CoreGraphics.framework */ = {isa = PBXFileReference; lastKnownFileType = wrapper.framework; name = CoreGraphics.framework; path = System/Library/Frameworks/CoreGraphics.framework; sourceTree = SDKROOT; };
		409A7064198A84ED00B8F1F2 /* UIKit.framework */ = {isa = PBXFileReference; lastKnownFileType = wrapper.framework; name = UIKit.framework; path = System/Library/Frameworks/UIKit.framework; sourceTree = SDKROOT; };
		409A7068198A84ED00B8F1F2 /* OGL2Test-Info.plist */ = {isa = PBXFileReference; lastKnownFileType = text.plist.xml; path = "OGL2Test-Info.plist"; sourceTree = "<group>"; };
		409A706A198A84ED00B8F1F2 /* en */ = {isa = PBXFileReference; lastKnownFileType = text.plist.strings; name = en; path = en.lproj/InfoPlist.strings; sourceTree = "<group>"; };
		409A706C198A84ED00B8F1F2 /* main.m */ = {isa = PBXFileReference; lastKnownFileType = sourcecode.c.objc; path = main.m; sourceTree = "<group>"; };
		409A706E198A84ED00B8F1F2 /* OGL2Test-Prefix.pch */ = {isa = PBXFileReference; lastKnownFileType = sourcecode.c.h; path = "OGL2Test-Prefix.pch"; sourceTree = "<group>"; };
		409A706F198A84ED00B8F1F2 /* AppDelegate.h */ = {isa = PBXFileReference; lastKnownFileType = sourcecode.c.h; path = AppDelegate.h; sourceTree = "<group>"; };
		409A7070198A84ED00B8F1F2 /* AppDelegate.m */ = {isa = PBXFileReference; lastKnownFileType = sourcecode.c.objc; path = AppDelegate.m; sourceTree = "<group>"; };
		409A7072198A84ED00B8F1F2 /* Images.xcassets */ = {isa = PBXFileReference; lastKnownFileType = folder.assetcatalog; path = Images.xcassets; sourceTree = "<group>"; };
		409A7078198A84ED00B8F1F2 /* OGL2TestTests.xctest */ = {isa = PBXFileReference; explicitFileType = wrapper.cfbundle; includeInIndex = 0; path = OGL2TestTests.xctest; sourceTree = BUILT_PRODUCTS_DIR; };
		409A7079198A84ED00B8F1F2 /* XCTest.framework */ = {isa = PBXFileReference; lastKnownFileType = wrapper.framework; name = XCTest.framework; path = Library/Frameworks/XCTest.framework; sourceTree = DEVELOPER_DIR; };
		409A7081198A84ED00B8F1F2 /* OGL2TestTests-Info.plist */ = {isa = PBXFileReference; lastKnownFileType = text.plist.xml; path = "OGL2TestTests-Info.plist"; sourceTree = "<group>"; };
		409A7083198A84ED00B8F1F2 /* en */ = {isa = PBXFileReference; lastKnownFileType = text.plist.strings; name = en; path = en.lproj/InfoPlist.strings; sourceTree = "<group>"; };
		409A7085198A84ED00B8F1F2 /* OGL2TestTests.m */ = {isa = PBXFileReference; lastKnownFileType = sourcecode.c.objc; path = OGL2TestTests.m; sourceTree = "<group>"; };
		409A708F198A85B800B8F1F2 /* hello_triangle.c */ = {isa = PBXFileReference; fileEncoding = 4; lastKnownFileType = sourcecode.c.c; path = hello_triangle.c; sourceTree = "<group>"; };
		409A7091198A861300B8F1F2 /* esUtil.c */ = {isa = PBXFileReference; fileEncoding = 4; lastKnownFileType = sourcecode.c.c; path = esUtil.c; sourceTree = "<group>"; };
		409A7093198A862800B8F1F2 /* esUtil.h */ = {isa = PBXFileReference; lastKnownFileType = sourcecode.c.h; path = esUtil.h; sourceTree = "<group>"; };
		409A7097198AC15500B8F1F2 /* OpenGLES.framework */ = {isa = PBXFileReference; lastKnownFileType = wrapper.framework; name = OpenGLES.framework; path = System/Library/Frameworks/OpenGLES.framework; sourceTree = SDKROOT; };
		409A7099198AC2C400B8F1F2 /* EAGLView.h */ = {isa = PBXFileReference; fileEncoding = 4; lastKnownFileType = sourcecode.c.h; path = EAGLView.h; sourceTree = "<group>"; };
		409A709A198AC2C400B8F1F2 /* EAGLView.m */ = {isa = PBXFileReference; fileEncoding = 4; lastKnownFileType = sourcecode.c.objc; path = EAGLView.m; sourceTree = "<group>"; };
		409A709C198AC9BF00B8F1F2 /* TestViewController.h */ = {isa = PBXFileReference; fileEncoding = 4; lastKnownFileType = sourcecode.c.h; path = TestViewController.h; sourceTree = "<group>"; };
		409A709D198AC9BF00B8F1F2 /* TestViewController.m */ = {isa = PBXFileReference; fileEncoding = 4; lastKnownFileType = sourcecode.c.objc; path = TestViewController.m; sourceTree = "<group>"; };
/* End PBXFileReference section */

/* Begin PBXFrameworksBuildPhase section */
		409A705A198A84ED00B8F1F2 /* Frameworks */ = {
			isa = PBXFrameworksBuildPhase;
			buildActionMask = 2147483647;
			files = (
				409A7098198AC15500B8F1F2 /* OpenGLES.framework in Frameworks */,
				409A7063198A84ED00B8F1F2 /* CoreGraphics.framework in Frameworks */,
				409A7065198A84ED00B8F1F2 /* UIKit.framework in Frameworks */,
				409A7061198A84ED00B8F1F2 /* Foundation.framework in Frameworks */,
			);
			runOnlyForDeploymentPostprocessing = 0;
		};
		409A7075198A84ED00B8F1F2 /* Frameworks */ = {
			isa = PBXFrameworksBuildPhase;
			buildActionMask = 2147483647;
			files = (
				409A707A198A84ED00B8F1F2 /* XCTest.framework in Frameworks */,
				409A707C198A84ED00B8F1F2 /* UIKit.framework in Frameworks */,
				409A707B198A84ED00B8F1F2 /* Foundation.framework in Frameworks */,
			);
			runOnlyForDeploymentPostprocessing = 0;
		};
/* End PBXFrameworksBuildPhase section */

/* Begin PBXGroup section */
		409A7054198A84ED00B8F1F2 = {
			isa = PBXGroup;
			children = (
				409A7066198A84ED00B8F1F2 /* OGL2Test */,
				409A707F198A84ED00B8F1F2 /* OGL2TestTests */,
				409A705F198A84ED00B8F1F2 /* Frameworks */,
				409A705E198A84ED00B8F1F2 /* Products */,
			);
			sourceTree = "<group>";
		};
		409A705E198A84ED00B8F1F2 /* Products */ = {
			isa = PBXGroup;
			children = (
				409A705D198A84ED00B8F1F2 /* OGL2Test.app */,
				409A7078198A84ED00B8F1F2 /* OGL2TestTests.xctest */,
			);
			name = Products;
			sourceTree = "<group>";
		};
		409A705F198A84ED00B8F1F2 /* Frameworks */ = {
			isa = PBXGroup;
			children = (
				409A7097198AC15500B8F1F2 /* OpenGLES.framework */,
				409A7060198A84ED00B8F1F2 /* Foundation.framework */,
				409A7062198A84ED00B8F1F2 /* CoreGraphics.framework */,
				409A7064198A84ED00B8F1F2 /* UIKit.framework */,
				409A7079198A84ED00B8F1F2 /* XCTest.framework */,
			);
			name = Frameworks;
			sourceTree = "<group>";
		};
		409A7066198A84ED00B8F1F2 /* OGL2Test */ = {
			isa = PBXGroup;
			children = (
				409A706F198A84ED00B8F1F2 /* AppDelegate.h */,
				409A7070198A84ED00B8F1F2 /* AppDelegate.m */,
				409A7072198A84ED00B8F1F2 /* Images.xcassets */,
				409A7067198A84ED00B8F1F2 /* Supporting Files */,
				409A708F198A85B800B8F1F2 /* hello_triangle.c */,
				409A7093198A862800B8F1F2 /* esUtil.h */,
				409A7091198A861300B8F1F2 /* esUtil.c */,
				409A7099198AC2C400B8F1F2 /* EAGLView.h */,
				409A709A198AC2C400B8F1F2 /* EAGLView.m */,
				409A709C198AC9BF00B8F1F2 /* TestViewController.h */,
				409A709D198AC9BF00B8F1F2 /* TestViewController.m */,
			);
			path = OGL2Test;
			sourceTree = "<group>";
		};
		409A7067198A84ED00B8F1F2 /* Supporting Files */ = {
			isa = PBXGroup;
			children = (
				409A7068198A84ED00B8F1F2 /* OGL2Test-Info.plist */,
				409A7069198A84ED00B8F1F2 /* InfoPlist.strings */,
				409A706C198A84ED00B8F1F2 /* main.m */,
				409A706E198A84ED00B8F1F2 /* OGL2Test-Prefix.pch */,
			);
			name = "Supporting Files";
			sourceTree = "<group>";
		};
		409A707F198A84ED00B8F1F2 /* OGL2TestTests */ = {
			isa = PBXGroup;
			children = (
				409A7085198A84ED00B8F1F2 /* OGL2TestTests.m */,
				409A7080198A84ED00B8F1F2 /* Supporting Files */,
			);
			path = OGL2TestTests;
			sourceTree = "<group>";
		};
		409A7080198A84ED00B8F1F2 /* Supporting Files */ = {
			isa = PBXGroup;
			children = (
				409A7081198A84ED00B8F1F2 /* OGL2TestTests-Info.plist */,
				409A7082198A84ED00B8F1F2 /* InfoPlist.strings */,
			);
			name = "Supporting Files";
			sourceTree = "<group>";
		};
/* End PBXGroup section */

/* Begin PBXNativeTarget section */
		409A705C198A84ED00B8F1F2 /* OGL2Test */ = {
			isa = PBXNativeTarget;
			buildConfigurationList = 409A7089198A84ED00B8F1F2 /* Build configuration list for PBXNativeTarget "OGL2Test" */;
			buildPhases = (
				409A7059198A84ED00B8F1F2 /* Sources */,
				409A705A198A84ED00B8F1F2 /* Frameworks */,
				409A705B198A84ED00B8F1F2 /* Resources */,
			);
			buildRules = (
			);
			dependencies = (
			);
			name = OGL2Test;
			productName = OGL2Test;
			productReference = 409A705D198A84ED00B8F1F2 /* OGL2Test.app */;
			productType = "com.apple.product-type.application";
		};
		409A7077198A84ED00B8F1F2 /* OGL2TestTests */ = {
			isa = PBXNativeTarget;
			buildConfigurationList = 409A708C198A84ED00B8F1F2 /* Build configuration list for PBXNativeTarget "OGL2TestTests" */;
			buildPhases = (
				409A7074198A84ED00B8F1F2 /* Sources */,
				409A7075198A84ED00B8F1F2 /* Frameworks */,
				409A7076198A84ED00B8F1F2 /* Resources */,
			);
			buildRules = (
			);
			dependencies = (
				409A707E198A84ED00B8F1F2 /* PBXTargetDependency */,
			);
			name = OGL2TestTests;
			productName = OGL2TestTests;
			productReference = 409A7078198A84ED00B8F1F2 /* OGL2TestTests.xctest */;
			productType = "com.apple.product-type.bundle.unit-test";
		};
/* End PBXNativeTarget section */

/* Begin PBXProject section */
		409A7055198A84ED00B8F1F2 /* Project object */ = {
			isa = PBXProject;
			attributes = {
				LastUpgradeCheck = 0510;
				ORGANIZATIONNAME = "Test Stuff";
				TargetAttributes = {
					409A7077198A84ED00B8F1F2 = {
						TestTargetID = 409A705C198A84ED00B8F1F2;
					};
				};
			};
			buildConfigurationList = 409A7058198A84ED00B8F1F2 /* Build configuration list for PBXProject "OGL2Test" */;
			compatibilityVersion = "Xcode 3.2";
			developmentRegion = English;
			hasScannedForEncodings = 0;
			knownRegions = (
				en,
			);
			mainGroup = 409A7054198A84ED00B8F1F2;
			productRefGroup = 409A705E198A84ED00B8F1F2 /* Products */;
			projectDirPath = "";
			projectRoot = "";
			targets = (
				409A705C198A84ED00B8F1F2 /* OGL2Test */,
				409A7077198A84ED00B8F1F2 /* OGL2TestTests */,
			);
		};
/* End PBXProject section */

/* Begin PBXResourcesBuildPhase section */
		409A705B198A84ED00B8F1F2 /* Resources */ = {
			isa = PBXResourcesBuildPhase;
			buildActionMask = 2147483647;
			files = (
				409A706B198A84ED00B8F1F2 /* InfoPlist.strings in Resources */,
				409A7073198A84ED00B8F1F2 /* Images.xcassets in Resources */,
			);
			runOnlyForDeploymentPostprocessing = 0;
		};
		409A7076198A84ED00B8F1F2 /* Resources */ = {
			isa = PBXResourcesBuildPhase;
			buildActionMask = 2147483647;
			files = (
				409A7084198A84ED00B8F1F2 /* InfoPlist.strings in Resources */,
			);
			runOnlyForDeploymentPostprocessing = 0;
		};
/* End PBXResourcesBuildPhase section */

/* Begin PBXSourcesBuildPhase section */
		409A7059198A84ED00B8F1F2 /* Sources */ = {
			isa = PBXSourcesBuildPhase;
			buildActionMask = 2147483647;
			files = (
				409A709E198AC9BF00B8F1F2 /* TestViewController.m in Sources */,
				409A7071198A84ED00B8F1F2 /* AppDelegate.m in Sources */,
				409A7090198A85B800B8F1F2 /* hello_triangle.c in Sources */,
				409A706D198A84ED00B8F1F2 /* main.m in Sources */,
				409A709B198AC2C400B8F1F2 /* EAGLView.m in Sources */,
				409A7092198A861300B8F1F2 /* esUtil.c in Sources */,
			);
			runOnlyForDeploymentPostprocessing = 0;
		};
		409A7074198A84ED00B8F1F2 /* Sources */ = {
			isa = PBXSourcesBuildPhase;
			buildActionMask = 2147483647;
			files = (
				409A7086198A84ED00B8F1F2 /* OGL2TestTests.m in Sources */,
			);
			runOnlyForDeploymentPostprocessing = 0;
		};
/* End PBXSourcesBuildPhase section */

/* Begin PBXTargetDependency section */
		409A707E198A84ED00B8F1F2 /* PBXTargetDependency */ = {
			isa = PBXTargetDependency;
			target = 409A705C198A84ED00B8F1F2 /* OGL2Test */;
			targetProxy = 409A707D198A84ED00B8F1F2 /* PBXContainerItemProxy */;
		};
/* End PBXTargetDependency section */

/* Begin PBXVariantGroup section */
		409A7069198A84ED00B8F1F2 /* InfoPlist.strings */ = {
			isa = PBXVariantGroup;
			children = (
				409A706A198A84ED00B8F1F2 /* en */,
			);
			name = InfoPlist.strings;
			sourceTree = "<group>";
		};
		409A7082198A84ED00B8F1F2 /* InfoPlist.strings */ = {
			isa = PBXVariantGroup;
			children = (
				409A7083198A84ED00B8F1F2 /* en */,
			);
			name = InfoPlist.strings;
			sourceTree = "<group>";
		};
/* End PBXVariantGroup section */

/* Begin XCBuildConfiguration section */
		409A7087198A84ED00B8F1F2 /* Debug */ = {
			isa = XCBuildConfiguration;
			buildSettings = {
				ALWAYS_SEARCH_USER_PATHS = NO;
				CLANG_CXX_LANGUAGE_STANDARD = "gnu++0x";
				CLANG_CXX_LIBRARY = "libc++";
				CLANG_ENABLE_MODULES = YES;
				CLANG_ENABLE_OBJC_ARC = YES;
				CLANG_WARN_BOOL_CONVERSION = YES;
				CLANG_WARN_CONSTANT_CONVERSION = YES;
				CLANG_WARN_DIRECT_OBJC_ISA_USAGE = YES_ERROR;
				CLANG_WARN_EMPTY_BODY = YES;
				CLANG_WARN_ENUM_CONVERSION = YES;
				CLANG_WARN_INT_CONVERSION = YES;
				CLANG_WARN_OBJC_ROOT_CLASS = YES_ERROR;
				CLANG_WARN__DUPLICATE_METHOD_MATCH = YES;
				"CODE_SIGN_IDENTITY[sdk=iphoneos*]" = "iPhone Developer";
				COPY_PHASE_STRIP = NO;
				GCC_C_LANGUAGE_STANDARD = gnu99;
				GCC_DYNAMIC_NO_PIC = NO;
				GCC_OPTIMIZATION_LEVEL = 0;
				GCC_PREPROCESSOR_DEFINITIONS = (
					"DEBUG=1",
					"$(inherited)",
				);
				GCC_SYMBOLS_PRIVATE_EXTERN = NO;
				GCC_WARN_64_TO_32_BIT_CONVERSION = YES;
				GCC_WARN_ABOUT_RETURN_TYPE = YES_ERROR;
				GCC_WARN_UNDECLARED_SELECTOR = YES;
				GCC_WARN_UNINITIALIZED_AUTOS = YES_AGGRESSIVE;
				GCC_WARN_UNUSED_FUNCTION = YES;
				GCC_WARN_UNUSED_VARIABLE = YES;
				IPHONEOS_DEPLOYMENT_TARGET = 7.1;
				ONLY_ACTIVE_ARCH = YES;
				SDKROOT = iphoneos;
				TARGETED_DEVICE_FAMILY = "1,2";
			};
			name = Debug;
		};
		409A7088198A84ED00B8F1F2 /* Release */ = {
			isa = XCBuildConfiguration;
			buildSettings = {
				ALWAYS_SEARCH_USER_PATHS = NO;
				CLANG_CXX_LANGUAGE_STANDARD = "gnu++0x";
				CLANG_CXX_LIBRARY = "libc++";
				CLANG_ENABLE_MODULES = YES;
				CLANG_ENABLE_OBJC_ARC = YES;
				CLANG_WARN_BOOL_CONVERSION = YES;
				CLANG_WARN_CONSTANT_CONVERSION = YES;
				CLANG_WARN_DIRECT_OBJC_ISA_USAGE = YES_ERROR;
				CLANG_WARN_EMPTY_BODY = YES;
				CLANG_WARN_ENUM_CONVERSION = YES;
				CLANG_WARN_INT_CONVERSION = YES;
				CLANG_WARN_OBJC_ROOT_CLASS = YES_ERROR;
				CLANG_WARN__DUPLICATE_METHOD_MATCH = YES;
				"CODE_SIGN_IDENTITY[sdk=iphoneos*]" = "iPhone Developer";
				COPY_PHASE_STRIP = YES;
				ENABLE_NS_ASSERTIONS = NO;
				GCC_C_LANGUAGE_STANDARD = gnu99;
				GCC_WARN_64_TO_32_BIT_CONVERSION = YES;
				GCC_WARN_ABOUT_RETURN_TYPE = YES_ERROR;
				GCC_WARN_UNDECLARED_SELECTOR = YES;
				GCC_WARN_UNINITIALIZED_AUTOS = YES_AGGRESSIVE;
				GCC_WARN_UNUSED_FUNCTION = YES;
				GCC_WARN_UNUSED_VARIABLE = YES;
				IPHONEOS_DEPLOYMENT_TARGET = 7.1;
				SDKROOT = iphoneos;
				TARGETED_DEVICE_FAMILY = "1,2";
				VALIDATE_PRODUCT = YES;
			};
			name = Release;
		};
		409A708A198A84ED00B8F1F2 /* Debug */ = {
			isa = XCBuildConfiguration;
			buildSettings = {
				ASSETCATALOG_COMPILER_APPICON_NAME = AppIcon;
				ASSETCATALOG_COMPILER_LAUNCHIMAGE_NAME = LaunchImage;
				GCC_PRECOMPILE_PREFIX_HEADER = YES;
				GCC_PREFIX_HEADER = "OGL2Test/OGL2Test-Prefix.pch";
				INFOPLIST_FILE = "OGL2Test/OGL2Test-Info.plist";
				PRODUCT_NAME = "$(TARGET_NAME)";
				WRAPPER_EXTENSION = app;
			};
			name = Debug;
		};
		409A708B198A84ED00B8F1F2 /* Release */ = {
			isa = XCBuildConfiguration;
			buildSettings = {
				ASSETCATALOG_COMPILER_APPICON_NAME = AppIcon;
				ASSETCATALOG_COMPILER_LAUNCHIMAGE_NAME = LaunchImage;
				GCC_PRECOMPILE_PREFIX_HEADER = YES;
				GCC_PREFIX_HEADER = "OGL2Test/OGL2Test-Prefix.pch";
				INFOPLIST_FILE = "OGL2Test/OGL2Test-Info.plist";
				PRODUCT_NAME = "$(TARGET_NAME)";
				WRAPPER_EXTENSION = app;
			};
			name = Release;
		};
		409A708D198A84ED00B8F1F2 /* Debug */ = {
			isa = XCBuildConfiguration;
			buildSettings = {
				BUNDLE_LOADER = "$(BUILT_PRODUCTS_DIR)/OGL2Test.app/OGL2Test";
				FRAMEWORK_SEARCH_PATHS = (
					"$(SDKROOT)/Developer/Library/Frameworks",
					"$(inherited)",
					"$(DEVELOPER_FRAMEWORKS_DIR)",
				);
				GCC_PRECOMPILE_PREFIX_HEADER = YES;
				GCC_PREFIX_HEADER = "OGL2Test/OGL2Test-Prefix.pch";
				GCC_PREPROCESSOR_DEFINITIONS = (
					"DEBUG=1",
					"$(inherited)",
				);
				INFOPLIST_FILE = "OGL2TestTests/OGL2TestTests-Info.plist";
				PRODUCT_NAME = "$(TARGET_NAME)";
				TEST_HOST = "$(BUNDLE_LOADER)";
				WRAPPER_EXTENSION = xctest;
			};
			name = Debug;
		};
		409A708E198A84ED00B8F1F2 /* Release */ = {
			isa = XCBuildConfiguration;
			buildSettings = {
				BUNDLE_LOADER = "$(BUILT_PRODUCTS_DIR)/OGL2Test.app/OGL2Test";
				FRAMEWORK_SEARCH_PATHS = (
					"$(SDKROOT)/Developer/Library/Frameworks",
					"$(inherited)",
					"$(DEVELOPER_FRAMEWORKS_DIR)",
				);
				GCC_PRECOMPILE_PREFIX_HEADER = YES;
				GCC_PREFIX_HEADER = "OGL2Test/OGL2Test-Prefix.pch";
				INFOPLIST_FILE = "OGL2TestTests/OGL2TestTests-Info.plist";
				PRODUCT_NAME = "$(TARGET_NAME)";
				TEST_HOST = "$(BUNDLE_LOADER)";
				WRAPPER_EXTENSION = xctest;
			};
			name = Release;
		};
/* End XCBuildConfiguration section */

/* Begin XCConfigurationList section */
		409A7058198A84ED00B8F1F2 /* Build configuration list for PBXProject "OGL2Test" */ = {
			isa = XCConfigurationList;
			buildConfigurations = (
				409A7087198A84ED00B8F1F2 /* Debug */,
				409A7088198A84ED00B8F1F2 /* Release */,
			);
			defaultConfigurationIsVisible = 0;
			defaultConfigurationName = Release;
		};
		409A7089198A84ED00B8F1F2 /* Build configuration list for PBXNativeTarget "OGL2Test" */ = {
			isa = XCConfigurationList;
			buildConfigurations = (
				409A708A198A84ED00B8F1F2 /* Debug */,
				409A708B198A84ED00B8F1F2 /* Release */,
			);
			defaultConfigurationIsVisible = 0;
		};
		409A708C198A84ED00B8F1F2 /* Build configuration list for PBXNativeTarget "OGL2TestTests" */ = {
			isa = XCConfigurationList;
			buildConfigurations = (
				409A708D198A84ED00B8F1F2 /* Debug */,
				409A708E198A84ED00B8F1F2 /* Release */,
			);
			defaultConfigurationIsVisible = 0;
		};
/* End XCConfigurationList section */
	};
	rootObject = 409A7055198A84ED00B8F1F2 /* Project object */;
}
